
Microsoft Visual Studio Solution File, Format Version 11.00
# Visual Studio 2010
Project("{8BC9CEB8-8B4A-11D0-8D11-00A0C91BC942}") = "2DWPU_lib", "2DWPU_lib\2DWPU_lib.vcxproj", "{6BFCB774-96D2-4B85-BE27-173B76A16B6B}"
	ProjectSection(ProjectDependencies) = postProject
		{1370329E-B149-4CD0-A844-34740D0716E1} = {1370329E-B149-4CD0-A844-34740D0716E1}
	EndProjectSection
EndProject
Project("{8BC9CEB8-8B4A-11D0-8D11-00A0C91BC942}") = "2DWPU_CLI_testing", "2DWPU_CLI_testing\2DWPU_CLI_testing.vcxproj", "{823A2361-E443-4D5D-B228-2F95594E8C22}"
	ProjectSection(ProjectDependencies) = postProject
		{6BFCB774-96D2-4B85-BE27-173B76A16B6B} = {6BFCB774-96D2-4B85-BE27-173B76A16B6B}
		{1370329E-B149-4CD0-A844-34740D0716E1} = {1370329E-B149-4CD0-A844-34740D0716E1}
	EndProjectSection
EndProject
Project("{8BC9CEB8-8B4A-11D0-8D11-00A0C91BC942}") = "2DASM_lib", "2DASM_lib\2DASM_lib.vcxproj", "{677FC8C3-A5D5-40D2-95EA-94671927901F}"
	ProjectSection(ProjectDependencies) = postProject
		{1370329E-B149-4CD0-A844-34740D0716E1} = {1370329E-B149-4CD0-A844-34740D0716E1}
	EndProjectSection
EndProject
Project("{8BC9CEB8-8B4A-11D0-8D11-00A0C91BC942}") = "2DASM", "2DASM\2DASM.vcxproj", "{B86E6779-18F9-4F5B-A011-305AE273BCBF}"
	ProjectSection(ProjectDependencies) = postProject
		{1370329E-B149-4CD0-A844-34740D0716E1} = {1370329E-B149-4CD0-A844-34740D0716E1}
		{677FC8C3-A5D5-40D2-95EA-94671927901F} = {677FC8C3-A5D5-40D2-95EA-94671927901F}
	EndProjectSection
EndProject
Project("{8BC9CEB8-8B4A-11D0-8D11-00A0C91BC942}") = "SharedLib", "SharedLib\SharedLib.vcxproj", "{1370329E-B149-4CD0-A844-34740D0716E1}"
EndProject
Project("{8BC9CEB8-8B4A-11D0-8D11-00A0C91BC942}") = "Workbench", "Workbench\Workbench.vcxproj", "{57A8959F-8FCB-4700-9394-B7B21FF04311}"
	ProjectSection(ProjectDependencies) = postProject
		{6BFCB774-96D2-4B85-BE27-173B76A16B6B} = {6BFCB774-96D2-4B85-BE27-173B76A16B6B}
		{1370329E-B149-4CD0-A844-34740D0716E1} = {1370329E-B149-4CD0-A844-34740D0716E1}
	EndProjectSection
EndProject
Project("{8BC9CEB8-8B4A-11D0-8D11-00A0C91BC942}") = "2DWPU_GUI", "2DWPU_GUI\2DWPU_GUI.vcxproj", "{E243B291-9367-449D-98DF-A8B4256CFFD2}"
	ProjectSection(ProjectDependencies) = postProject
		{6BFCB774-96D2-4B85-BE27-173B76A16B6B} = {6BFCB774-96D2-4B85-BE27-173B76A16B6B}
		{1370329E-B149-4CD0-A844-34740D0716E1} = {1370329E-B149-4CD0-A844-34740D0716E1}
		{677FC8C3-A5D5-40D2-95EA-94671927901F} = {677FC8C3-A5D5-40D2-95EA-94671927901F}
	EndProjectSection
EndProject
Global
	GlobalSection(SolutionConfigurationPlatforms) = preSolution
		Debug|Win32 = Debug|Win32
		Release|Win32 = Release|Win32
	EndGlobalSection
	GlobalSection(ProjectConfigurationPlatforms) = postSolution
		{6BFCB774-96D2-4B85-BE27-173B76A16B6B}.Debug|Win32.ActiveCfg = Debug|Win32
		{6BFCB774-96D2-4B85-BE27-173B76A16B6B}.Debug|Win32.Build.0 = Debug|Win32
		{6BFCB774-96D2-4B85-BE27-173B76A16B6B}.Release|Win32.ActiveCfg = Release|Win32
		{6BFCB774-96D2-4B85-BE27-173B76A16B6B}.Release|Win32.Build.0 = Release|Win32
		{823A2361-E443-4D5D-B228-2F95594E8C22}.Debug|Win32.ActiveCfg = Debug|Win32
		{823A2361-E443-4D5D-B228-2F95594E8C22}.Debug|Win32.Build.0 = Debug|Win32
		{823A2361-E443-4D5D-B228-2F95594E8C22}.Release|Win32.ActiveCfg = Release|Win32
		{823A2361-E443-4D5D-B228-2F95594E8C22}.Release|Win32.Build.0 = Release|Win32
		{677FC8C3-A5D5-40D2-95EA-94671927901F}.Debug|Win32.ActiveCfg = Debug|Win32
		{677FC8C3-A5D5-40D2-95EA-94671927901F}.Debug|Win32.Build.0 = Debug|Win32
		{677FC8C3-A5D5-40D2-95EA-94671927901F}.Release|Win32.ActiveCfg = Release|Win32
		{677FC8C3-A5D5-40D2-95EA-94671927901F}.Release|Win32.Build.0 = Release|Win32
		{B86E6779-18F9-4F5B-A011-305AE273BCBF}.Debug|Win32.ActiveCfg = Debug|Win32
		{B86E6779-18F9-4F5B-A011-305AE273BCBF}.Debug|Win32.Build.0 = Debug|Win32
		{B86E6779-18F9-4F5B-A011-305AE273BCBF}.Release|Win32.ActiveCfg = Release|Win32
		{B86E6779-18F9-4F5B-A011-305AE273BCBF}.Release|Win32.Build.0 = Release|Win32
		{1370329E-B149-4CD0-A844-34740D0716E1}.Debug|Win32.ActiveCfg = Debug|Win32
		{1370329E-B149-4CD0-A844-34740D0716E1}.Debug|Win32.Build.0 = Debug|Win32
		{1370329E-B149-4CD0-A844-34740D0716E1}.Release|Win32.ActiveCfg = Release|Win32
		{1370329E-B149-4CD0-A844-34740D0716E1}.Release|Win32.Build.0 = Release|Win32
		{57A8959F-8FCB-4700-9394-B7B21FF04311}.Debug|Win32.ActiveCfg = Debug|Win32
		{57A8959F-8FCB-4700-9394-B7B21FF04311}.Debug|Win32.Build.0 = Debug|Win32
		{57A8959F-8FCB-4700-9394-B7B21FF04311}.Release|Win32.ActiveCfg = Release|Win32
		{57A8959F-8FCB-4700-9394-B7B21FF04311}.Release|Win32.Build.0 = Release|Win32
		{E243B291-9367-449D-98DF-A8B4256CFFD2}.Debug|Win32.ActiveCfg = Debug|Win32
		{E243B291-9367-449D-98DF-A8B4256CFFD2}.Debug|Win32.Build.0 = Debug|Win32
		{E243B291-9367-449D-98DF-A8B4256CFFD2}.Release|Win32.ActiveCfg = Release|Win32
		{E243B291-9367-449D-98DF-A8B4256CFFD2}.Release|Win32.Build.0 = Release|Win32
	EndGlobalSection
	GlobalSection(SolutionProperties) = preSolution
		HideSolutionNode = FALSE
	EndGlobalSection
EndGlobal
